
Microsoft Visual Studio Solution File, Format Version 12.00
# Visual Studio 2012
Project("{FAE04EC0-301F-11D3-BF4B-00C04F79EFBC}") = "DPPD Dental Clinic Management System", "DPPD Dental Clinic Management System\DPPD Dental Clinic Management System.csproj", "{0B8A50A8-1288-4236-AC03-AFB38B4123A7}"
EndProject
Global
	GlobalSection(SolutionConfigurationPlatforms) = preSolution
		Debug|Any CPU = Debug|Any CPU
		Release|Any CPU = Release|Any CPU
	EndGlobalSection
	GlobalSection(ProjectConfigurationPlatforms) = postSolution
		{0B8A50A8-1288-4236-AC03-AFB38B4123A7}.Debug|Any CPU.ActiveCfg = Debug|Any CPU
		{0B8A50A8-1288-4236-AC03-AFB38B4123A7}.Debug|Any CPU.Build.0 = Debug|Any CPU
		{0B8A50A8-1288-4236-AC03-AFB38B4123A7}.Release|Any CPU.ActiveCfg = Release|Any CPU
		{0B8A50A8-1288-4236-AC03-AFB38B4123A7}.Release|Any CPU.Build.0 = Release|Any CPU
	EndGlobalSection
	GlobalSection(SolutionProperties) = preSolution
		HideSolutionNode = FALSE
	EndGlobalSection
EndGlobal
